
Microsoft Visual Studio Solution File, Format Version 12.00
# Visual Studio Version 17
VisualStudioVersion = 17.2.32630.192
MinimumVisualStudioVersion = 10.0.40219.1
Project("{9A19103F-16F7-4668-BE54-9A1E7A4F7556}") = "operations", "operations\operations.csproj", "{DA4CC238-EF3D-426D-A51B-15DEB50300ED}"
EndProject
Project("{9A19103F-16F7-4668-BE54-9A1E7A4F7556}") = "ArrayOperations", "ArrayOperations\ArrayOperations.csproj", "{8DC4C753-9BFF-4EF0-B8E7-D439F1FBD64B}"
EndProject
Project("{9A19103F-16F7-4668-BE54-9A1E7A4F7556}") = "Paragraph", "Paragraph\Paragraph.csproj", "{79244791-94D6-4106-902A-57E53310E68B}"
EndProject
Project("{9A19103F-16F7-4668-BE54-9A1E7A4F7556}") = "OOPS_CURD", "OOPS_CURD\OOPS_CURD.csproj", "{5A7AF807-D9AF-4929-80A5-625DFEA17A45}"
EndProject
Project("{9A19103F-16F7-4668-BE54-9A1E7A4F7556}") = "Hospital_20", "Hospital_20\Hospital_20.csproj", "{D57793C4-1838-47CE-B7BC-483AD5BD011E}"
EndProject
Project("{9A19103F-16F7-4668-BE54-9A1E7A4F7556}") = "UsingExtension", "UsingExtension\UsingExtension.csproj", "{B5441113-C15E-4BD1-B626-7EF0CB6E1DA3}"
EndProject
Project("{9A19103F-16F7-4668-BE54-9A1E7A4F7556}") = "CS_Gen_App", "CS_Gen_App\CS_Gen_App.csproj", "{48037906-60A9-44AC-90A1-0DA109CF5797}"
EndProject
Project("{9A19103F-16F7-4668-BE54-9A1E7A4F7556}") = "Class_work", "Class_work\Class_work.csproj", "{2D874976-641C-4A0E-8C35-E65F1A31E26C}"
EndProject
Project("{9A19103F-16F7-4668-BE54-9A1E7A4F7556}") = "Hospital_21", "Hospital_21\Hospital_21.csproj", "{3CA2FEF4-7C45-479C-8BB5-A4ACB875EE84}"
EndProject
Project("{9A19103F-16F7-4668-BE54-9A1E7A4F7556}") = "Serialization", "Serialization\Serialization.csproj", "{84FFD19E-2EE9-4474-8466-900C0EA888B0}"
EndProject
Project("{9A19103F-16F7-4668-BE54-9A1E7A4F7556}") = "CS_FirstFile", "CS_FirstFile\CS_FirstFile.csproj", "{8FB53709-EB3F-491D-925D-1137D6E6EACF}"
EndProject
Project("{9A19103F-16F7-4668-BE54-9A1E7A4F7556}") = "Word_Count", "Word_Count\Word_Count.csproj", "{A87A56CF-2BCE-4D01-B2C5-C3EEDC071ED8}"
EndProject
Project("{9A19103F-16F7-4668-BE54-9A1E7A4F7556}") = "Interface", "Interface\Interface.csproj", "{F72751EA-42F8-4FDA-AF8A-289FD29A09B8}"
EndProject
Project("{9A19103F-16F7-4668-BE54-9A1E7A4F7556}") = "Stream", "Stream\Stream.csproj", "{918177AA-341E-40C9-A191-DEFCED837F85}"
EndProject
Project("{9A19103F-16F7-4668-BE54-9A1E7A4F7556}") = "self_practice", "self_practice\self_practice.csproj", "{040F6114-40E7-4108-B598-64C7FC3B1F56}"
EndProject
Project("{9A19103F-16F7-4668-BE54-9A1E7A4F7556}") = "Aug4_files", "ConsoleApp1\Aug4_files.csproj", "{A84F148B-F03C-496B-B177-C3753AAD8AF2}"
EndProject
Project("{9A19103F-16F7-4668-BE54-9A1E7A4F7556}") = "Image_paint", "Image_paint\Image_paint.csproj", "{83A49EEF-33B2-4805-B3CC-5EA57661CBD2}"
EndProject
Project("{9A19103F-16F7-4668-BE54-9A1E7A4F7556}") = "pract", "pract\pract.csproj", "{6ADFCF79-0F77-4BC2-A968-4F1AA5E8C5DF}"
EndProject
Project("{9A19103F-16F7-4668-BE54-9A1E7A4F7556}") = "Assignment_4August", "Assignment_4August\Assignment_4August.csproj", "{2977FB06-3392-417A-8DAB-58A5CF220ECE}"
EndProject
Project("{9A19103F-16F7-4668-BE54-9A1E7A4F7556}") = "Partial", "Partial\Partial.csproj", "{37073DB5-7726-49FB-BF7C-AE171B910FA2}"
EndProject
Project("{2150E333-8FDC-42A3-9474-1A3956D46DE8}") = "Threads_sir", "Threads_sir", "{EFE54971-BB11-4752-ADC9-667523633609}"
EndProject
Project("{9A19103F-16F7-4668-BE54-9A1E7A4F7556}") = "CS_Monitor_Sync", "CS_Monitor_Sync\CS_Monitor_Sync.csproj", "{A3ACDC6D-F137-4160-ABCC-C0AD652DFEF3}"
EndProject
Project("{9A19103F-16F7-4668-BE54-9A1E7A4F7556}") = "CS_AccessCollection", "CS_AccessCollection\CS_AccessCollection.csproj", "{DFCA2623-A973-4C60-84CF-37F327488C14}"
EndProject
Project("{9A19103F-16F7-4668-BE54-9A1E7A4F7556}") = "CS_Files", "CS_Files\CS_Files.csproj", "{4506EF81-14F3-44E7-947B-55F1C2D8EF18}"
EndProject
Project("{9A19103F-16F7-4668-BE54-9A1E7A4F7556}") = "CS_MultiThreads", "CS_MultiThreads\CS_MultiThreads.csproj", "{9441A8EB-7DC1-4330-8510-AF8D3A3E5956}"
EndProject
Project("{9A19103F-16F7-4668-BE54-9A1E7A4F7556}") = "CS_ThreadBasics", "CS_ThreadBasics\CS_ThreadBasics.csproj", "{303829B7-3444-4083-A92E-951B83D97F6A}"
EndProject
Project("{9A19103F-16F7-4668-BE54-9A1E7A4F7556}") = "ThreadFiles", "ThreadFiles\ThreadFiles.csproj", "{66979CB6-F2A9-4DE3-9AA3-4B65FF685576}"
EndProject
Project("{9A19103F-16F7-4668-BE54-9A1E7A4F7556}") = "Thread_parallel", "Thread_parallel\Thread_parallel.csproj", "{1C50C364-35D8-4185-A326-3013491FC478}"
EndProject
Project("{2150E333-8FDC-42A3-9474-1A3956D46DE8}") = "practice", "practice", "{B3D6BB92-B3DD-4948-A0D7-A97C3F73752A}"
EndProject
Project("{9A19103F-16F7-4668-BE54-9A1E7A4F7556}") = "Inheritance", "Inheritance\Inheritance.csproj", "{C947606A-B2B9-4233-8573-1389FCECE056}"
EndProject
Project("{9A19103F-16F7-4668-BE54-9A1E7A4F7556}") = "CS_BackgroundThread", "CS_BackgroundThread\CS_BackgroundThread.csproj", "{F462DEB3-F480-4F42-838D-CE78E4C46073}"
EndProject
Project("{9A19103F-16F7-4668-BE54-9A1E7A4F7556}") = "CS_Parallel_invoke", "CS_Parallel_invoke\CS_Parallel_invoke.csproj", "{6453D627-3010-4A08-928C-C9A0CF47340D}"
EndProject
Project("{9A19103F-16F7-4668-BE54-9A1E7A4F7556}") = "CS_SimpleTask", "CS_SimpleTask\CS_SimpleTask.csproj", "{C218A6EA-497E-4AB2-8634-89980637F29E}"
EndProject
Project("{9A19103F-16F7-4668-BE54-9A1E7A4F7556}") = "CS_ThreadReturn", "CS_ThreadReturn\CS_ThreadReturn.csproj", "{E545F8F5-3DFA-414E-93A7-54EC314861B0}"
EndProject
Project("{2150E333-8FDC-42A3-9474-1A3956D46DE8}") = "Class_Assignments", "Class_Assignments", "{112B1FBE-F327-427B-B1E9-42B843DD191C}"
EndProject
Project("{9A19103F-16F7-4668-BE54-9A1E7A4F7556}") = "Csv_Assignment", "Csv_Assignment\Csv_Assignment.csproj", "{B9B82B05-4895-40B8-B839-A3BFB22BEBD4}"
EndProject
Project("{9A19103F-16F7-4668-BE54-9A1E7A4F7556}") = "27_BackgroundThread", "27_BackgroundThread\27_BackgroundThread.csproj", "{08FE6923-32D8-424C-BFCD-3BEA9F650BF2}"
EndProject
Project("{9A19103F-16F7-4668-BE54-9A1E7A4F7556}") = "Banking_Task", "Banking_Task\Banking_Task.csproj", "{BC761AB9-5FA9-4FA9-AEA7-F9CEB4CF4581}"
EndProject
Project("{9A19103F-16F7-4668-BE54-9A1E7A4F7556}") = "ConcurrentBag", "ConcurrentBag\ConcurrentBag.csproj", "{8B109582-6901-4A1A-A755-49EB97FCE474}"
EndProject
Project("{9A19103F-16F7-4668-BE54-9A1E7A4F7556}") = "Task_Async", "Task_Async\Task_Async.csproj", "{B7BB142E-B04C-46DB-AF4C-72F6AC75EE47}"
EndProject
Project("{2150E333-8FDC-42A3-9474-1A3956D46DE8}") = "Assignments_4aug", "Assignments_4aug", "{E3D47243-F4C3-4F33-AE35-3578A3713833}"
EndProject
Project("{2150E333-8FDC-42A3-9474-1A3956D46DE8}") = "Assignments_oops", "Assignments_oops", "{B86249AC-7364-4A5C-B141-9C05DD1AC3A2}"
EndProject
Project("{2150E333-8FDC-42A3-9474-1A3956D46DE8}") = "Ado_Net", "Ado_Net", "{9D5E4550-FF8B-43A8-AA0A-DEE609BB6D80}"
EndProject
Project("{9A19103F-16F7-4668-BE54-9A1E7A4F7556}") = "SimpleDataAccess", "SimpleDataAccess\SimpleDataAccess.csproj", "{FABB2525-5E50-40B2-9CE3-B11DDC39E910}"
EndProject
Project("{9A19103F-16F7-4668-BE54-9A1E7A4F7556}") = "StoreProcs", "StoreProcs\StoreProcs.csproj", "{0AA113EE-F534-400D-84D2-9C0ACA67A89F}"
EndProject
Project("{9A19103F-16F7-4668-BE54-9A1E7A4F7556}") = "Disconnected_Archi", "Disconnected_Archi\Disconnected_Archi.csproj", "{A47BEFDC-8268-4E94-B962-17B85F028D87}"
EndProject
Project("{9A19103F-16F7-4668-BE54-9A1E7A4F7556}") = "NewDapper", "NewDapper\NewDapper.csproj", "{8310B54A-C3A9-44C6-9218-FE16FB35695D}"
EndProject
Project("{2150E333-8FDC-42A3-9474-1A3956D46DE8}") = "EFCore", "EFCore", "{3C18C1F0-A720-4E02-9CB6-B357B6C8B209}"
EndProject
Project("{9A19103F-16F7-4668-BE54-9A1E7A4F7556}") = "CS_EF_DbFirst", "CS_EF_DbContext\CS_EF_DbFirst.csproj", "{AC164931-2D55-4A7B-93D9-11146FF9C188}"
EndProject
Project("{9A19103F-16F7-4668-BE54-9A1E7A4F7556}") = "Thread_Lock", "Thread_Lock\Thread_Lock.csproj", "{BA1D0FA5-C98B-4295-9661-F03FB7C2C45D}"
EndProject
Project("{9A19103F-16F7-4668-BE54-9A1E7A4F7556}") = "CS_EF_CodeFirst", "EF_CodeFirst\CS_EF_CodeFirst.csproj", "{7C57FCA6-7BD2-4BB1-A388-A8844D7819AE}"
EndProject
Project("{9A19103F-16F7-4668-BE54-9A1E7A4F7556}") = "Emp_Dept_Relation", "Emp_Dept_Relation\Emp_Dept_Relation.csproj", "{60F59D3A-441B-4BE3-8F6A-7C99004BA60D}"
EndProject
Project("{2150E333-8FDC-42A3-9474-1A3956D46DE8}") = "Northwind DB", "Northwind DB", "{2ED8E160-1DD9-4680-88FD-9E912906327E}"
EndProject
Project("{9A19103F-16F7-4668-BE54-9A1E7A4F7556}") = "Northwind_Practice", "Northwind_Practice\Northwind_Practice.csproj", "{D37AA148-2ED2-4539-9E09-4DA7EB8DEA73}"
EndProject
Project("{2150E333-8FDC-42A3-9474-1A3956D46DE8}") = "api", "api", "{38E23E22-5155-4C57-B474-BB0D1A133B51}"
EndProject
Project("{FAE04EC0-301F-11D3-BF4B-00C04F79EFBC}") = "WebApi", "WebApi\WebApi.csproj", "{E0CA3B88-A104-4E87-8FA1-12E34E2765C9}"
EndProject
Project("{FAE04EC0-301F-11D3-BF4B-00C04F79EFBC}") = "APIApps", "APIApps\APIApps.csproj", "{1D7BD0F8-E850-4306-9660-76A80F0BC581}"
EndProject
Global
	GlobalSection(SolutionConfigurationPlatforms) = preSolution
		Debug|Any CPU = Debug|Any CPU
		Release|Any CPU = Release|Any CPU
	EndGlobalSection
	GlobalSection(ProjectConfigurationPlatforms) = postSolution
		{DA4CC238-EF3D-426D-A51B-15DEB50300ED}.Debug|Any CPU.ActiveCfg = Debug|Any CPU
		{DA4CC238-EF3D-426D-A51B-15DEB50300ED}.Debug|Any CPU.Build.0 = Debug|Any CPU
		{DA4CC238-EF3D-426D-A51B-15DEB50300ED}.Release|Any CPU.ActiveCfg = Release|Any CPU
		{DA4CC238-EF3D-426D-A51B-15DEB50300ED}.Release|Any CPU.Build.0 = Release|Any CPU
		{8DC4C753-9BFF-4EF0-B8E7-D439F1FBD64B}.Debug|Any CPU.ActiveCfg = Debug|Any CPU
		{8DC4C753-9BFF-4EF0-B8E7-D439F1FBD64B}.Debug|Any CPU.Build.0 = Debug|Any CPU
		{8DC4C753-9BFF-4EF0-B8E7-D439F1FBD64B}.Release|Any CPU.ActiveCfg = Release|Any CPU
		{8DC4C753-9BFF-4EF0-B8E7-D439F1FBD64B}.Release|Any CPU.Build.0 = Release|Any CPU
		{79244791-94D6-4106-902A-57E53310E68B}.Debug|Any CPU.ActiveCfg = Debug|Any CPU
		{79244791-94D6-4106-902A-57E53310E68B}.Debug|Any CPU.Build.0 = Debug|Any CPU
		{79244791-94D6-4106-902A-57E53310E68B}.Release|Any CPU.ActiveCfg = Release|Any CPU
		{79244791-94D6-4106-902A-57E53310E68B}.Release|Any CPU.Build.0 = Release|Any CPU
		{5A7AF807-D9AF-4929-80A5-625DFEA17A45}.Debug|Any CPU.ActiveCfg = Debug|Any CPU
		{5A7AF807-D9AF-4929-80A5-625DFEA17A45}.Debug|Any CPU.Build.0 = Debug|Any CPU
		{5A7AF807-D9AF-4929-80A5-625DFEA17A45}.Release|Any CPU.ActiveCfg = Release|Any CPU
		{5A7AF807-D9AF-4929-80A5-625DFEA17A45}.Release|Any CPU.Build.0 = Release|Any CPU
		{D57793C4-1838-47CE-B7BC-483AD5BD011E}.Debug|Any CPU.ActiveCfg = Debug|Any CPU
		{D57793C4-1838-47CE-B7BC-483AD5BD011E}.Debug|Any CPU.Build.0 = Debug|Any CPU
		{D57793C4-1838-47CE-B7BC-483AD5BD011E}.Release|Any CPU.ActiveCfg = Release|Any CPU
		{D57793C4-1838-47CE-B7BC-483AD5BD011E}.Release|Any CPU.Build.0 = Release|Any CPU
		{B5441113-C15E-4BD1-B626-7EF0CB6E1DA3}.Debug|Any CPU.ActiveCfg = Debug|Any CPU
		{B5441113-C15E-4BD1-B626-7EF0CB6E1DA3}.Debug|Any CPU.Build.0 = Debug|Any CPU
		{B5441113-C15E-4BD1-B626-7EF0CB6E1DA3}.Release|Any CPU.ActiveCfg = Release|Any CPU
		{B5441113-C15E-4BD1-B626-7EF0CB6E1DA3}.Release|Any CPU.Build.0 = Release|Any CPU
		{48037906-60A9-44AC-90A1-0DA109CF5797}.Debug|Any CPU.ActiveCfg = Debug|Any CPU
		{48037906-60A9-44AC-90A1-0DA109CF5797}.Debug|Any CPU.Build.0 = Debug|Any CPU
		{48037906-60A9-44AC-90A1-0DA109CF5797}.Release|Any CPU.ActiveCfg = Release|Any CPU
		{48037906-60A9-44AC-90A1-0DA109CF5797}.Release|Any CPU.Build.0 = Release|Any CPU
		{2D874976-641C-4A0E-8C35-E65F1A31E26C}.Debug|Any CPU.ActiveCfg = Debug|Any CPU
		{2D874976-641C-4A0E-8C35-E65F1A31E26C}.Debug|Any CPU.Build.0 = Debug|Any CPU
		{2D874976-641C-4A0E-8C35-E65F1A31E26C}.Release|Any CPU.ActiveCfg = Release|Any CPU
		{2D874976-641C-4A0E-8C35-E65F1A31E26C}.Release|Any CPU.Build.0 = Release|Any CPU
		{3CA2FEF4-7C45-479C-8BB5-A4ACB875EE84}.Debug|Any CPU.ActiveCfg = Debug|Any CPU
		{3CA2FEF4-7C45-479C-8BB5-A4ACB875EE84}.Debug|Any CPU.Build.0 = Debug|Any CPU
		{3CA2FEF4-7C45-479C-8BB5-A4ACB875EE84}.Release|Any CPU.ActiveCfg = Release|Any CPU
		{3CA2FEF4-7C45-479C-8BB5-A4ACB875EE84}.Release|Any CPU.Build.0 = Release|Any CPU
		{84FFD19E-2EE9-4474-8466-900C0EA888B0}.Debug|Any CPU.ActiveCfg = Debug|Any CPU
		{84FFD19E-2EE9-4474-8466-900C0EA888B0}.Debug|Any CPU.Build.0 = Debug|Any CPU
		{84FFD19E-2EE9-4474-8466-900C0EA888B0}.Release|Any CPU.ActiveCfg = Release|Any CPU
		{84FFD19E-2EE9-4474-8466-900C0EA888B0}.Release|Any CPU.Build.0 = Release|Any CPU
		{8FB53709-EB3F-491D-925D-1137D6E6EACF}.Debug|Any CPU.ActiveCfg = Debug|Any CPU
		{8FB53709-EB3F-491D-925D-1137D6E6EACF}.Debug|Any CPU.Build.0 = Debug|Any CPU
		{8FB53709-EB3F-491D-925D-1137D6E6EACF}.Release|Any CPU.ActiveCfg = Release|Any CPU
		{8FB53709-EB3F-491D-925D-1137D6E6EACF}.Release|Any CPU.Build.0 = Release|Any CPU
		{A87A56CF-2BCE-4D01-B2C5-C3EEDC071ED8}.Debug|Any CPU.ActiveCfg = Debug|Any CPU
		{A87A56CF-2BCE-4D01-B2C5-C3EEDC071ED8}.Debug|Any CPU.Build.0 = Debug|Any CPU
		{A87A56CF-2BCE-4D01-B2C5-C3EEDC071ED8}.Release|Any CPU.ActiveCfg = Release|Any CPU
		{A87A56CF-2BCE-4D01-B2C5-C3EEDC071ED8}.Release|Any CPU.Build.0 = Release|Any CPU
		{F72751EA-42F8-4FDA-AF8A-289FD29A09B8}.Debug|Any CPU.ActiveCfg = Debug|Any CPU
		{F72751EA-42F8-4FDA-AF8A-289FD29A09B8}.Debug|Any CPU.Build.0 = Debug|Any CPU
		{F72751EA-42F8-4FDA-AF8A-289FD29A09B8}.Release|Any CPU.ActiveCfg = Release|Any CPU
		{F72751EA-42F8-4FDA-AF8A-289FD29A09B8}.Release|Any CPU.Build.0 = Release|Any CPU
		{918177AA-341E-40C9-A191-DEFCED837F85}.Debug|Any CPU.ActiveCfg = Debug|Any CPU
		{918177AA-341E-40C9-A191-DEFCED837F85}.Debug|Any CPU.Build.0 = Debug|Any CPU
		{918177AA-341E-40C9-A191-DEFCED837F85}.Release|Any CPU.ActiveCfg = Release|Any CPU
		{918177AA-341E-40C9-A191-DEFCED837F85}.Release|Any CPU.Build.0 = Release|Any CPU
		{040F6114-40E7-4108-B598-64C7FC3B1F56}.Debug|Any CPU.ActiveCfg = Debug|Any CPU
		{040F6114-40E7-4108-B598-64C7FC3B1F56}.Debug|Any CPU.Build.0 = Debug|Any CPU
		{040F6114-40E7-4108-B598-64C7FC3B1F56}.Release|Any CPU.ActiveCfg = Release|Any CPU
		{040F6114-40E7-4108-B598-64C7FC3B1F56}.Release|Any CPU.Build.0 = Release|Any CPU
		{A84F148B-F03C-496B-B177-C3753AAD8AF2}.Debug|Any CPU.ActiveCfg = Debug|Any CPU
		{A84F148B-F03C-496B-B177-C3753AAD8AF2}.Debug|Any CPU.Build.0 = Debug|Any CPU
		{A84F148B-F03C-496B-B177-C3753AAD8AF2}.Release|Any CPU.ActiveCfg = Release|Any CPU
		{A84F148B-F03C-496B-B177-C3753AAD8AF2}.Release|Any CPU.Build.0 = Release|Any CPU
		{83A49EEF-33B2-4805-B3CC-5EA57661CBD2}.Debug|Any CPU.ActiveCfg = Debug|Any CPU
		{83A49EEF-33B2-4805-B3CC-5EA57661CBD2}.Debug|Any CPU.Build.0 = Debug|Any CPU
		{83A49EEF-33B2-4805-B3CC-5EA57661CBD2}.Release|Any CPU.ActiveCfg = Release|Any CPU
		{83A49EEF-33B2-4805-B3CC-5EA57661CBD2}.Release|Any CPU.Build.0 = Release|Any CPU
		{6ADFCF79-0F77-4BC2-A968-4F1AA5E8C5DF}.Debug|Any CPU.ActiveCfg = Debug|Any CPU
		{6ADFCF79-0F77-4BC2-A968-4F1AA5E8C5DF}.Debug|Any CPU.Build.0 = Debug|Any CPU
		{6ADFCF79-0F77-4BC2-A968-4F1AA5E8C5DF}.Release|Any CPU.ActiveCfg = Release|Any CPU
		{6ADFCF79-0F77-4BC2-A968-4F1AA5E8C5DF}.Release|Any CPU.Build.0 = Release|Any CPU
		{2977FB06-3392-417A-8DAB-58A5CF220ECE}.Debug|Any CPU.ActiveCfg = Debug|Any CPU
		{2977FB06-3392-417A-8DAB-58A5CF220ECE}.Debug|Any CPU.Build.0 = Debug|Any CPU
		{2977FB06-3392-417A-8DAB-58A5CF220ECE}.Release|Any CPU.ActiveCfg = Release|Any CPU
		{2977FB06-3392-417A-8DAB-58A5CF220ECE}.Release|Any CPU.Build.0 = Release|Any CPU
		{37073DB5-7726-49FB-BF7C-AE171B910FA2}.Debug|Any CPU.ActiveCfg = Debug|Any CPU
		{37073DB5-7726-49FB-BF7C-AE171B910FA2}.Debug|Any CPU.Build.0 = Debug|Any CPU
		{37073DB5-7726-49FB-BF7C-AE171B910FA2}.Release|Any CPU.ActiveCfg = Release|Any CPU
		{37073DB5-7726-49FB-BF7C-AE171B910FA2}.Release|Any CPU.Build.0 = Release|Any CPU
		{A3ACDC6D-F137-4160-ABCC-C0AD652DFEF3}.Debug|Any CPU.ActiveCfg = Debug|Any CPU
		{A3ACDC6D-F137-4160-ABCC-C0AD652DFEF3}.Debug|Any CPU.Build.0 = Debug|Any CPU
		{A3ACDC6D-F137-4160-ABCC-C0AD652DFEF3}.Release|Any CPU.ActiveCfg = Release|Any CPU
		{A3ACDC6D-F137-4160-ABCC-C0AD652DFEF3}.Release|Any CPU.Build.0 = Release|Any CPU
		{DFCA2623-A973-4C60-84CF-37F327488C14}.Debug|Any CPU.ActiveCfg = Debug|Any CPU
		{DFCA2623-A973-4C60-84CF-37F327488C14}.Debug|Any CPU.Build.0 = Debug|Any CPU
		{DFCA2623-A973-4C60-84CF-37F327488C14}.Release|Any CPU.ActiveCfg = Release|Any CPU
		{DFCA2623-A973-4C60-84CF-37F327488C14}.Release|Any CPU.Build.0 = Release|Any CPU
		{4506EF81-14F3-44E7-947B-55F1C2D8EF18}.Debug|Any CPU.ActiveCfg = Debug|Any CPU
		{4506EF81-14F3-44E7-947B-55F1C2D8EF18}.Debug|Any CPU.Build.0 = Debug|Any CPU
		{4506EF81-14F3-44E7-947B-55F1C2D8EF18}.Release|Any CPU.ActiveCfg = Release|Any CPU
		{4506EF81-14F3-44E7-947B-55F1C2D8EF18}.Release|Any CPU.Build.0 = Release|Any CPU
		{9441A8EB-7DC1-4330-8510-AF8D3A3E5956}.Debug|Any CPU.ActiveCfg = Debug|Any CPU
		{9441A8EB-7DC1-4330-8510-AF8D3A3E5956}.Debug|Any CPU.Build.0 = Debug|Any CPU
		{9441A8EB-7DC1-4330-8510-AF8D3A3E5956}.Release|Any CPU.ActiveCfg = Release|Any CPU
		{9441A8EB-7DC1-4330-8510-AF8D3A3E5956}.Release|Any CPU.Build.0 = Release|Any CPU
		{303829B7-3444-4083-A92E-951B83D97F6A}.Debug|Any CPU.ActiveCfg = Debug|Any CPU
		{303829B7-3444-4083-A92E-951B83D97F6A}.Debug|Any CPU.Build.0 = Debug|Any CPU
		{303829B7-3444-4083-A92E-951B83D97F6A}.Release|Any CPU.ActiveCfg = Release|Any CPU
		{303829B7-3444-4083-A92E-951B83D97F6A}.Release|Any CPU.Build.0 = Release|Any CPU
		{66979CB6-F2A9-4DE3-9AA3-4B65FF685576}.Debug|Any CPU.ActiveCfg = Debug|Any CPU
		{66979CB6-F2A9-4DE3-9AA3-4B65FF685576}.Debug|Any CPU.Build.0 = Debug|Any CPU
		{66979CB6-F2A9-4DE3-9AA3-4B65FF685576}.Release|Any CPU.ActiveCfg = Release|Any CPU
		{66979CB6-F2A9-4DE3-9AA3-4B65FF685576}.Release|Any CPU.Build.0 = Release|Any CPU
		{1C50C364-35D8-4185-A326-3013491FC478}.Debug|Any CPU.ActiveCfg = Debug|Any CPU
		{1C50C364-35D8-4185-A326-3013491FC478}.Debug|Any CPU.Build.0 = Debug|Any CPU
		{1C50C364-35D8-4185-A326-3013491FC478}.Release|Any CPU.ActiveCfg = Release|Any CPU
		{1C50C364-35D8-4185-A326-3013491FC478}.Release|Any CPU.Build.0 = Release|Any CPU
		{C947606A-B2B9-4233-8573-1389FCECE056}.Debug|Any CPU.ActiveCfg = Debug|Any CPU
		{C947606A-B2B9-4233-8573-1389FCECE056}.Debug|Any CPU.Build.0 = Debug|Any CPU
		{C947606A-B2B9-4233-8573-1389FCECE056}.Release|Any CPU.ActiveCfg = Release|Any CPU
		{C947606A-B2B9-4233-8573-1389FCECE056}.Release|Any CPU.Build.0 = Release|Any CPU
		{F462DEB3-F480-4F42-838D-CE78E4C46073}.Debug|Any CPU.ActiveCfg = Debug|Any CPU
		{F462DEB3-F480-4F42-838D-CE78E4C46073}.Debug|Any CPU.Build.0 = Debug|Any CPU
		{F462DEB3-F480-4F42-838D-CE78E4C46073}.Release|Any CPU.ActiveCfg = Release|Any CPU
		{F462DEB3-F480-4F42-838D-CE78E4C46073}.Release|Any CPU.Build.0 = Release|Any CPU
		{6453D627-3010-4A08-928C-C9A0CF47340D}.Debug|Any CPU.ActiveCfg = Debug|Any CPU
		{6453D627-3010-4A08-928C-C9A0CF47340D}.Debug|Any CPU.Build.0 = Debug|Any CPU
		{6453D627-3010-4A08-928C-C9A0CF47340D}.Release|Any CPU.ActiveCfg = Release|Any CPU
		{6453D627-3010-4A08-928C-C9A0CF47340D}.Release|Any CPU.Build.0 = Release|Any CPU
		{C218A6EA-497E-4AB2-8634-89980637F29E}.Debug|Any CPU.ActiveCfg = Debug|Any CPU
		{C218A6EA-497E-4AB2-8634-89980637F29E}.Debug|Any CPU.Build.0 = Debug|Any CPU
		{C218A6EA-497E-4AB2-8634-89980637F29E}.Release|Any CPU.ActiveCfg = Release|Any CPU
		{C218A6EA-497E-4AB2-8634-89980637F29E}.Release|Any CPU.Build.0 = Release|Any CPU
		{E545F8F5-3DFA-414E-93A7-54EC314861B0}.Debug|Any CPU.ActiveCfg = Debug|Any CPU
		{E545F8F5-3DFA-414E-93A7-54EC314861B0}.Debug|Any CPU.Build.0 = Debug|Any CPU
		{E545F8F5-3DFA-414E-93A7-54EC314861B0}.Release|Any CPU.ActiveCfg = Release|Any CPU
		{E545F8F5-3DFA-414E-93A7-54EC314861B0}.Release|Any CPU.Build.0 = Release|Any CPU
		{B9B82B05-4895-40B8-B839-A3BFB22BEBD4}.Debug|Any CPU.ActiveCfg = Debug|Any CPU
		{B9B82B05-4895-40B8-B839-A3BFB22BEBD4}.Debug|Any CPU.Build.0 = Debug|Any CPU
		{B9B82B05-4895-40B8-B839-A3BFB22BEBD4}.Release|Any CPU.ActiveCfg = Release|Any CPU
		{B9B82B05-4895-40B8-B839-A3BFB22BEBD4}.Release|Any CPU.Build.0 = Release|Any CPU
		{08FE6923-32D8-424C-BFCD-3BEA9F650BF2}.Debug|Any CPU.ActiveCfg = Debug|Any CPU
		{08FE6923-32D8-424C-BFCD-3BEA9F650BF2}.Debug|Any CPU.Build.0 = Debug|Any CPU
		{08FE6923-32D8-424C-BFCD-3BEA9F650BF2}.Release|Any CPU.ActiveCfg = Release|Any CPU
		{08FE6923-32D8-424C-BFCD-3BEA9F650BF2}.Release|Any CPU.Build.0 = Release|Any CPU
		{BC761AB9-5FA9-4FA9-AEA7-F9CEB4CF4581}.Debug|Any CPU.ActiveCfg = Debug|Any CPU
		{BC761AB9-5FA9-4FA9-AEA7-F9CEB4CF4581}.Debug|Any CPU.Build.0 = Debug|Any CPU
		{BC761AB9-5FA9-4FA9-AEA7-F9CEB4CF4581}.Release|Any CPU.ActiveCfg = Release|Any CPU
		{BC761AB9-5FA9-4FA9-AEA7-F9CEB4CF4581}.Release|Any CPU.Build.0 = Release|Any CPU
		{8B109582-6901-4A1A-A755-49EB97FCE474}.Debug|Any CPU.ActiveCfg = Debug|Any CPU
		{8B109582-6901-4A1A-A755-49EB97FCE474}.Debug|Any CPU.Build.0 = Debug|Any CPU
		{8B109582-6901-4A1A-A755-49EB97FCE474}.Release|Any CPU.ActiveCfg = Release|Any CPU
		{8B109582-6901-4A1A-A755-49EB97FCE474}.Release|Any CPU.Build.0 = Release|Any CPU
		{B7BB142E-B04C-46DB-AF4C-72F6AC75EE47}.Debug|Any CPU.ActiveCfg = Debug|Any CPU
		{B7BB142E-B04C-46DB-AF4C-72F6AC75EE47}.Debug|Any CPU.Build.0 = Debug|Any CPU
		{B7BB142E-B04C-46DB-AF4C-72F6AC75EE47}.Release|Any CPU.ActiveCfg = Release|Any CPU
		{B7BB142E-B04C-46DB-AF4C-72F6AC75EE47}.Release|Any CPU.Build.0 = Release|Any CPU
		{FABB2525-5E50-40B2-9CE3-B11DDC39E910}.Debug|Any CPU.ActiveCfg = Debug|Any CPU
		{FABB2525-5E50-40B2-9CE3-B11DDC39E910}.Debug|Any CPU.Build.0 = Debug|Any CPU
		{FABB2525-5E50-40B2-9CE3-B11DDC39E910}.Release|Any CPU.ActiveCfg = Release|Any CPU
		{FABB2525-5E50-40B2-9CE3-B11DDC39E910}.Release|Any CPU.Build.0 = Release|Any CPU
		{0AA113EE-F534-400D-84D2-9C0ACA67A89F}.Debug|Any CPU.ActiveCfg = Debug|Any CPU
		{0AA113EE-F534-400D-84D2-9C0ACA67A89F}.Debug|Any CPU.Build.0 = Debug|Any CPU
		{0AA113EE-F534-400D-84D2-9C0ACA67A89F}.Release|Any CPU.ActiveCfg = Release|Any CPU
		{0AA113EE-F534-400D-84D2-9C0ACA67A89F}.Release|Any CPU.Build.0 = Release|Any CPU
		{A47BEFDC-8268-4E94-B962-17B85F028D87}.Debug|Any CPU.ActiveCfg = Debug|Any CPU
		{A47BEFDC-8268-4E94-B962-17B85F028D87}.Debug|Any CPU.Build.0 = Debug|Any CPU
		{A47BEFDC-8268-4E94-B962-17B85F028D87}.Release|Any CPU.ActiveCfg = Release|Any CPU
		{A47BEFDC-8268-4E94-B962-17B85F028D87}.Release|Any CPU.Build.0 = Release|Any CPU
		{8310B54A-C3A9-44C6-9218-FE16FB35695D}.Debug|Any CPU.ActiveCfg = Debug|Any CPU
		{8310B54A-C3A9-44C6-9218-FE16FB35695D}.Debug|Any CPU.Build.0 = Debug|Any CPU
		{8310B54A-C3A9-44C6-9218-FE16FB35695D}.Release|Any CPU.ActiveCfg = Release|Any CPU
		{8310B54A-C3A9-44C6-9218-FE16FB35695D}.Release|Any CPU.Build.0 = Release|Any CPU
		{AC164931-2D55-4A7B-93D9-11146FF9C188}.Debug|Any CPU.ActiveCfg = Debug|Any CPU
		{AC164931-2D55-4A7B-93D9-11146FF9C188}.Debug|Any CPU.Build.0 = Debug|Any CPU
		{AC164931-2D55-4A7B-93D9-11146FF9C188}.Release|Any CPU.ActiveCfg = Release|Any CPU
		{AC164931-2D55-4A7B-93D9-11146FF9C188}.Release|Any CPU.Build.0 = Release|Any CPU
		{BA1D0FA5-C98B-4295-9661-F03FB7C2C45D}.Debug|Any CPU.ActiveCfg = Debug|Any CPU
		{BA1D0FA5-C98B-4295-9661-F03FB7C2C45D}.Debug|Any CPU.Build.0 = Debug|Any CPU
		{BA1D0FA5-C98B-4295-9661-F03FB7C2C45D}.Release|Any CPU.ActiveCfg = Release|Any CPU
		{BA1D0FA5-C98B-4295-9661-F03FB7C2C45D}.Release|Any CPU.Build.0 = Release|Any CPU
		{7C57FCA6-7BD2-4BB1-A388-A8844D7819AE}.Debug|Any CPU.ActiveCfg = Debug|Any CPU
		{7C57FCA6-7BD2-4BB1-A388-A8844D7819AE}.Debug|Any CPU.Build.0 = Debug|Any CPU
		{7C57FCA6-7BD2-4BB1-A388-A8844D7819AE}.Release|Any CPU.ActiveCfg = Release|Any CPU
		{7C57FCA6-7BD2-4BB1-A388-A8844D7819AE}.Release|Any CPU.Build.0 = Release|Any CPU
		{60F59D3A-441B-4BE3-8F6A-7C99004BA60D}.Debug|Any CPU.ActiveCfg = Debug|Any CPU
		{60F59D3A-441B-4BE3-8F6A-7C99004BA60D}.Debug|Any CPU.Build.0 = Debug|Any CPU
		{60F59D3A-441B-4BE3-8F6A-7C99004BA60D}.Release|Any CPU.ActiveCfg = Release|Any CPU
		{60F59D3A-441B-4BE3-8F6A-7C99004BA60D}.Release|Any CPU.Build.0 = Release|Any CPU
		{D37AA148-2ED2-4539-9E09-4DA7EB8DEA73}.Debug|Any CPU.ActiveCfg = Debug|Any CPU
		{D37AA148-2ED2-4539-9E09-4DA7EB8DEA73}.Debug|Any CPU.Build.0 = Debug|Any CPU
		{D37AA148-2ED2-4539-9E09-4DA7EB8DEA73}.Release|Any CPU.ActiveCfg = Release|Any CPU
		{D37AA148-2ED2-4539-9E09-4DA7EB8DEA73}.Release|Any CPU.Build.0 = Release|Any CPU
		{E0CA3B88-A104-4E87-8FA1-12E34E2765C9}.Debug|Any CPU.ActiveCfg = Debug|Any CPU
		{E0CA3B88-A104-4E87-8FA1-12E34E2765C9}.Debug|Any CPU.Build.0 = Debug|Any CPU
		{E0CA3B88-A104-4E87-8FA1-12E34E2765C9}.Release|Any CPU.ActiveCfg = Release|Any CPU
		{E0CA3B88-A104-4E87-8FA1-12E34E2765C9}.Release|Any CPU.Build.0 = Release|Any CPU
		{1D7BD0F8-E850-4306-9660-76A80F0BC581}.Debug|Any CPU.ActiveCfg = Debug|Any CPU
		{1D7BD0F8-E850-4306-9660-76A80F0BC581}.Debug|Any CPU.Build.0 = Debug|Any CPU
		{1D7BD0F8-E850-4306-9660-76A80F0BC581}.Release|Any CPU.ActiveCfg = Release|Any CPU
		{1D7BD0F8-E850-4306-9660-76A80F0BC581}.Release|Any CPU.Build.0 = Release|Any CPU
	EndGlobalSection
	GlobalSection(SolutionProperties) = preSolution
		HideSolutionNode = FALSE
	EndGlobalSection
	GlobalSection(NestedProjects) = preSolution
		{DA4CC238-EF3D-426D-A51B-15DEB50300ED} = {B86249AC-7364-4A5C-B141-9C05DD1AC3A2}
		{8DC4C753-9BFF-4EF0-B8E7-D439F1FBD64B} = {B86249AC-7364-4A5C-B141-9C05DD1AC3A2}
		{79244791-94D6-4106-902A-57E53310E68B} = {B86249AC-7364-4A5C-B141-9C05DD1AC3A2}
		{5A7AF807-D9AF-4929-80A5-625DFEA17A45} = {B86249AC-7364-4A5C-B141-9C05DD1AC3A2}
		{D57793C4-1838-47CE-B7BC-483AD5BD011E} = {B86249AC-7364-4A5C-B141-9C05DD1AC3A2}
		{B5441113-C15E-4BD1-B626-7EF0CB6E1DA3} = {B86249AC-7364-4A5C-B141-9C05DD1AC3A2}
		{48037906-60A9-44AC-90A1-0DA109CF5797} = {B86249AC-7364-4A5C-B141-9C05DD1AC3A2}
		{2D874976-641C-4A0E-8C35-E65F1A31E26C} = {B86249AC-7364-4A5C-B141-9C05DD1AC3A2}
		{3CA2FEF4-7C45-479C-8BB5-A4ACB875EE84} = {B86249AC-7364-4A5C-B141-9C05DD1AC3A2}
		{84FFD19E-2EE9-4474-8466-900C0EA888B0} = {B86249AC-7364-4A5C-B141-9C05DD1AC3A2}
		{8FB53709-EB3F-491D-925D-1137D6E6EACF} = {B86249AC-7364-4A5C-B141-9C05DD1AC3A2}
		{A87A56CF-2BCE-4D01-B2C5-C3EEDC071ED8} = {B86249AC-7364-4A5C-B141-9C05DD1AC3A2}
		{F72751EA-42F8-4FDA-AF8A-289FD29A09B8} = {B86249AC-7364-4A5C-B141-9C05DD1AC3A2}
		{918177AA-341E-40C9-A191-DEFCED837F85} = {B86249AC-7364-4A5C-B141-9C05DD1AC3A2}
		{040F6114-40E7-4108-B598-64C7FC3B1F56} = {B3D6BB92-B3DD-4948-A0D7-A97C3F73752A}
		{A84F148B-F03C-496B-B177-C3753AAD8AF2} = {E3D47243-F4C3-4F33-AE35-3578A3713833}
		{83A49EEF-33B2-4805-B3CC-5EA57661CBD2} = {E3D47243-F4C3-4F33-AE35-3578A3713833}
		{6ADFCF79-0F77-4BC2-A968-4F1AA5E8C5DF} = {B3D6BB92-B3DD-4948-A0D7-A97C3F73752A}
		{2977FB06-3392-417A-8DAB-58A5CF220ECE} = {E3D47243-F4C3-4F33-AE35-3578A3713833}
		{37073DB5-7726-49FB-BF7C-AE171B910FA2} = {B86249AC-7364-4A5C-B141-9C05DD1AC3A2}
		{A3ACDC6D-F137-4160-ABCC-C0AD652DFEF3} = {EFE54971-BB11-4752-ADC9-667523633609}
		{DFCA2623-A973-4C60-84CF-37F327488C14} = {EFE54971-BB11-4752-ADC9-667523633609}
		{4506EF81-14F3-44E7-947B-55F1C2D8EF18} = {EFE54971-BB11-4752-ADC9-667523633609}
		{9441A8EB-7DC1-4330-8510-AF8D3A3E5956} = {EFE54971-BB11-4752-ADC9-667523633609}
		{303829B7-3444-4083-A92E-951B83D97F6A} = {EFE54971-BB11-4752-ADC9-667523633609}
		{66979CB6-F2A9-4DE3-9AA3-4B65FF685576} = {112B1FBE-F327-427B-B1E9-42B843DD191C}
		{1C50C364-35D8-4185-A326-3013491FC478} = {112B1FBE-F327-427B-B1E9-42B843DD191C}
		{C947606A-B2B9-4233-8573-1389FCECE056} = {B3D6BB92-B3DD-4948-A0D7-A97C3F73752A}
		{F462DEB3-F480-4F42-838D-CE78E4C46073} = {EFE54971-BB11-4752-ADC9-667523633609}
		{6453D627-3010-4A08-928C-C9A0CF47340D} = {EFE54971-BB11-4752-ADC9-667523633609}
		{C218A6EA-497E-4AB2-8634-89980637F29E} = {EFE54971-BB11-4752-ADC9-667523633609}
		{E545F8F5-3DFA-414E-93A7-54EC314861B0} = {EFE54971-BB11-4752-ADC9-667523633609}
		{B9B82B05-4895-40B8-B839-A3BFB22BEBD4} = {E3D47243-F4C3-4F33-AE35-3578A3713833}
		{08FE6923-32D8-424C-BFCD-3BEA9F650BF2} = {112B1FBE-F327-427B-B1E9-42B843DD191C}
		{BC761AB9-5FA9-4FA9-AEA7-F9CEB4CF4581} = {112B1FBE-F327-427B-B1E9-42B843DD191C}
		{8B109582-6901-4A1A-A755-49EB97FCE474} = {EFE54971-BB11-4752-ADC9-667523633609}
		{B7BB142E-B04C-46DB-AF4C-72F6AC75EE47} = {112B1FBE-F327-427B-B1E9-42B843DD191C}
		{FABB2525-5E50-40B2-9CE3-B11DDC39E910} = {9D5E4550-FF8B-43A8-AA0A-DEE609BB6D80}
		{0AA113EE-F534-400D-84D2-9C0ACA67A89F} = {9D5E4550-FF8B-43A8-AA0A-DEE609BB6D80}
		{A47BEFDC-8268-4E94-B962-17B85F028D87} = {9D5E4550-FF8B-43A8-AA0A-DEE609BB6D80}
		{8310B54A-C3A9-44C6-9218-FE16FB35695D} = {9D5E4550-FF8B-43A8-AA0A-DEE609BB6D80}
		{AC164931-2D55-4A7B-93D9-11146FF9C188} = {3C18C1F0-A720-4E02-9CB6-B357B6C8B209}
		{BA1D0FA5-C98B-4295-9661-F03FB7C2C45D} = {B3D6BB92-B3DD-4948-A0D7-A97C3F73752A}
		{7C57FCA6-7BD2-4BB1-A388-A8844D7819AE} = {3C18C1F0-A720-4E02-9CB6-B357B6C8B209}
		{60F59D3A-441B-4BE3-8F6A-7C99004BA60D} = {3C18C1F0-A720-4E02-9CB6-B357B6C8B209}
		{D37AA148-2ED2-4539-9E09-4DA7EB8DEA73} = {2ED8E160-1DD9-4680-88FD-9E912906327E}
		{E0CA3B88-A104-4E87-8FA1-12E34E2765C9} = {38E23E22-5155-4C57-B474-BB0D1A133B51}
		{1D7BD0F8-E850-4306-9660-76A80F0BC581} = {38E23E22-5155-4C57-B474-BB0D1A133B51}
	EndGlobalSection
	GlobalSection(ExtensibilityGlobals) = postSolution
		SolutionGuid = {A3745046-AC5A-459D-A1E6-73711F2AA41B}
	EndGlobalSection
EndGlobal
